
Microsoft Visual Studio Solution File, Format Version 12.00
# Visual Studio Version 17
VisualStudioVersion = 17.0.32112.339
MinimumVisualStudioVersion = 15.0.26124.0
Project("{9A19103F-16F7-4668-BE54-9A1E7A4F7556}") = "TechReads.Library", "TechReads.Library\TechReads.Library.csproj", "{0DE528CD-0035-4B66-BB9E-BECA30B8FA8B}"
EndProject
Project("{9A19103F-16F7-4668-BE54-9A1E7A4F7556}") = "TechReads.Library.Tests", "TechReads.Library.Tests\TechReads.Library.Tests.csproj", "{B0E35A98-128B-4CD7-8368-B1852156373E}"
EndProject
Project("{9A19103F-16F7-4668-BE54-9A1E7A4F7556}") = "TechReads.Web", "TechReads.Web\TechReads.Web.csproj", "{70363AE1-0963-4606-A095-76FED0EA4A20}"
EndProject
Project("{9A19103F-16F7-4668-BE54-9A1E7A4F7556}") = "TechReads.Web.Tests", "TechReads.Web.Tests\TechReads.Web.Tests.csproj", "{33F34CCA-5529-49F2-BDDF-E51DC63A08BE}"
EndProject
Project("{FAE04EC0-301F-11D3-BF4B-00C04F79EFBC}") = "TechReads.BusinessLogic", "TechReads.BusinessLogic\TechReads.BusinessLogic.csproj", "{42DDA512-BD42-41C0-B928-7BA4BC66F727}"
EndProject
Global
	GlobalSection(SolutionConfigurationPlatforms) = preSolution
		Debug|Any CPU = Debug|Any CPU
		Debug|x64 = Debug|x64
		Debug|x86 = Debug|x86
		Release|Any CPU = Release|Any CPU
		Release|x64 = Release|x64
		Release|x86 = Release|x86
	EndGlobalSection
	GlobalSection(ProjectConfigurationPlatforms) = postSolution
		{0DE528CD-0035-4B66-BB9E-BECA30B8FA8B}.Debug|Any CPU.ActiveCfg = Debug|Any CPU
		{0DE528CD-0035-4B66-BB9E-BECA30B8FA8B}.Debug|Any CPU.Build.0 = Debug|Any CPU
		{0DE528CD-0035-4B66-BB9E-BECA30B8FA8B}.Debug|x64.ActiveCfg = Debug|Any CPU
		{0DE528CD-0035-4B66-BB9E-BECA30B8FA8B}.Debug|x64.Build.0 = Debug|Any CPU
		{0DE528CD-0035-4B66-BB9E-BECA30B8FA8B}.Debug|x86.ActiveCfg = Debug|Any CPU
		{0DE528CD-0035-4B66-BB9E-BECA30B8FA8B}.Debug|x86.Build.0 = Debug|Any CPU
		{0DE528CD-0035-4B66-BB9E-BECA30B8FA8B}.Release|Any CPU.ActiveCfg = Release|Any CPU
		{0DE528CD-0035-4B66-BB9E-BECA30B8FA8B}.Release|Any CPU.Build.0 = Release|Any CPU
		{0DE528CD-0035-4B66-BB9E-BECA30B8FA8B}.Release|x64.ActiveCfg = Release|Any CPU
		{0DE528CD-0035-4B66-BB9E-BECA30B8FA8B}.Release|x64.Build.0 = Release|Any CPU
		{0DE528CD-0035-4B66-BB9E-BECA30B8FA8B}.Release|x86.ActiveCfg = Release|Any CPU
		{0DE528CD-0035-4B66-BB9E-BECA30B8FA8B}.Release|x86.Build.0 = Release|Any CPU
		{B0E35A98-128B-4CD7-8368-B1852156373E}.Debug|Any CPU.ActiveCfg = Debug|Any CPU
		{B0E35A98-128B-4CD7-8368-B1852156373E}.Debug|Any CPU.Build.0 = Debug|Any CPU
		{B0E35A98-128B-4CD7-8368-B1852156373E}.Debug|x64.ActiveCfg = Debug|Any CPU
		{B0E35A98-128B-4CD7-8368-B1852156373E}.Debug|x64.Build.0 = Debug|Any CPU
		{B0E35A98-128B-4CD7-8368-B1852156373E}.Debug|x86.ActiveCfg = Debug|Any CPU
		{B0E35A98-128B-4CD7-8368-B1852156373E}.Debug|x86.Build.0 = Debug|Any CPU
		{B0E35A98-128B-4CD7-8368-B1852156373E}.Release|Any CPU.ActiveCfg = Release|Any CPU
		{B0E35A98-128B-4CD7-8368-B1852156373E}.Release|Any CPU.Build.0 = Release|Any CPU
		{B0E35A98-128B-4CD7-8368-B1852156373E}.Release|x64.ActiveCfg = Release|Any CPU
		{B0E35A98-128B-4CD7-8368-B1852156373E}.Release|x64.Build.0 = Release|Any CPU
		{B0E35A98-128B-4CD7-8368-B1852156373E}.Release|x86.ActiveCfg = Release|Any CPU
		{B0E35A98-128B-4CD7-8368-B1852156373E}.Release|x86.Build.0 = Release|Any CPU
		{70363AE1-0963-4606-A095-76FED0EA4A20}.Debug|Any CPU.ActiveCfg = Debug|Any CPU
		{70363AE1-0963-4606-A095-76FED0EA4A20}.Debug|Any CPU.Build.0 = Debug|Any CPU
		{70363AE1-0963-4606-A095-76FED0EA4A20}.Debug|x64.ActiveCfg = Debug|Any CPU
		{70363AE1-0963-4606-A095-76FED0EA4A20}.Debug|x64.Build.0 = Debug|Any CPU
		{70363AE1-0963-4606-A095-76FED0EA4A20}.Debug|x86.ActiveCfg = Debug|Any CPU
		{70363AE1-0963-4606-A095-76FED0EA4A20}.Debug|x86.Build.0 = Debug|Any CPU
		{70363AE1-0963-4606-A095-76FED0EA4A20}.Release|Any CPU.ActiveCfg = Release|Any CPU
		{70363AE1-0963-4606-A095-76FED0EA4A20}.Release|Any CPU.Build.0 = Release|Any CPU
		{70363AE1-0963-4606-A095-76FED0EA4A20}.Release|x64.ActiveCfg = Release|Any CPU
		{70363AE1-0963-4606-A095-76FED0EA4A20}.Release|x64.Build.0 = Release|Any CPU
		{70363AE1-0963-4606-A095-76FED0EA4A20}.Release|x86.ActiveCfg = Release|Any CPU
		{70363AE1-0963-4606-A095-76FED0EA4A20}.Release|x86.Build.0 = Release|Any CPU
		{33F34CCA-5529-49F2-BDDF-E51DC63A08BE}.Debug|Any CPU.ActiveCfg = Debug|Any CPU
		{33F34CCA-5529-49F2-BDDF-E51DC63A08BE}.Debug|Any CPU.Build.0 = Debug|Any CPU
		{33F34CCA-5529-49F2-BDDF-E51DC63A08BE}.Debug|x64.ActiveCfg = Debug|Any CPU
		{33F34CCA-5529-49F2-BDDF-E51DC63A08BE}.Debug|x64.Build.0 = Debug|Any CPU
		{33F34CCA-5529-49F2-BDDF-E51DC63A08BE}.Debug|x86.ActiveCfg = Debug|Any CPU
		{33F34CCA-5529-49F2-BDDF-E51DC63A08BE}.Debug|x86.Build.0 = Debug|Any CPU
		{33F34CCA-5529-49F2-BDDF-E51DC63A08BE}.Release|Any CPU.ActiveCfg = Release|Any CPU
		{33F34CCA-5529-49F2-BDDF-E51DC63A08BE}.Release|Any CPU.Build.0 = Release|Any CPU
		{33F34CCA-5529-49F2-BDDF-E51DC63A08BE}.Release|x64.ActiveCfg = Release|Any CPU
		{33F34CCA-5529-49F2-BDDF-E51DC63A08BE}.Release|x64.Build.0 = Release|Any CPU
		{33F34CCA-5529-49F2-BDDF-E51DC63A08BE}.Release|x86.ActiveCfg = Release|Any CPU
		{33F34CCA-5529-49F2-BDDF-E51DC63A08BE}.Release|x86.Build.0 = Release|Any CPU
		{42DDA512-BD42-41C0-B928-7BA4BC66F727}.Debug|Any CPU.ActiveCfg = Debug|Any CPU
		{42DDA512-BD42-41C0-B928-7BA4BC66F727}.Debug|Any CPU.Build.0 = Debug|Any CPU
		{42DDA512-BD42-41C0-B928-7BA4BC66F727}.Debug|x64.ActiveCfg = Debug|Any CPU
		{42DDA512-BD42-41C0-B928-7BA4BC66F727}.Debug|x64.Build.0 = Debug|Any CPU
		{42DDA512-BD42-41C0-B928-7BA4BC66F727}.Debug|x86.ActiveCfg = Debug|Any CPU
		{42DDA512-BD42-41C0-B928-7BA4BC66F727}.Debug|x86.Build.0 = Debug|Any CPU
		{42DDA512-BD42-41C0-B928-7BA4BC66F727}.Release|Any CPU.ActiveCfg = Release|Any CPU
		{42DDA512-BD42-41C0-B928-7BA4BC66F727}.Release|Any CPU.Build.0 = Release|Any CPU
		{42DDA512-BD42-41C0-B928-7BA4BC66F727}.Release|x64.ActiveCfg = Release|Any CPU
		{42DDA512-BD42-41C0-B928-7BA4BC66F727}.Release|x64.Build.0 = Release|Any CPU
		{42DDA512-BD42-41C0-B928-7BA4BC66F727}.Release|x86.ActiveCfg = Release|Any CPU
		{42DDA512-BD42-41C0-B928-7BA4BC66F727}.Release|x86.Build.0 = Release|Any CPU
	EndGlobalSection
	GlobalSection(SolutionProperties) = preSolution
		HideSolutionNode = FALSE
	EndGlobalSection
	GlobalSection(ExtensibilityGlobals) = postSolution
		SolutionGuid = {E5A11057-52DE-4C76-8372-2E8B6734AD61}
	EndGlobalSection
EndGlobal
